
Microsoft Visual Studio Solution File, Format Version 12.00
# Visual Studio Version 16
VisualStudioVersion = 16.0.30320.27
MinimumVisualStudioVersion = 10.0.40219.1
Project("{FAE04EC0-301F-11D3-BF4B-00C04F79EFBC}") = "lab-test", "lab-test\lab-test.csproj", "{447B6BC8-A9C9-4CA2-A4F7-54C14BE3C98A}"
EndProject
Global
	GlobalSection(SolutionConfigurationPlatforms) = preSolution
		Debug|Any CPU = Debug|Any CPU
		Release|Any CPU = Release|Any CPU
	EndGlobalSection
	GlobalSection(ProjectConfigurationPlatforms) = postSolution
		{447B6BC8-A9C9-4CA2-A4F7-54C14BE3C98A}.Debug|Any CPU.ActiveCfg = Debug|Any CPU
		{447B6BC8-A9C9-4CA2-A4F7-54C14BE3C98A}.Debug|Any CPU.Build.0 = Debug|Any CPU
		{447B6BC8-A9C9-4CA2-A4F7-54C14BE3C98A}.Release|Any CPU.ActiveCfg = Release|Any CPU
		{447B6BC8-A9C9-4CA2-A4F7-54C14BE3C98A}.Release|Any CPU.Build.0 = Release|Any CPU
	EndGlobalSection
	GlobalSection(SolutionProperties) = preSolution
		HideSolutionNode = FALSE
	EndGlobalSection
	GlobalSection(ExtensibilityGlobals) = postSolution
		SolutionGuid = {9BAF2F32-0A91-4ABF-BFFB-15B3B2CEB8EB}
	EndGlobalSection
EndGlobal
